
Microsoft Visual Studio Solution File, Format Version 12.00
# Visual Studio Version 16
VisualStudioVersion = 16.0.29911.84
MinimumVisualStudioVersion = 10.0.40219.1
Project("{8BC9CEB8-8B4A-11D0-8D11-00A0C91BC942}") = "KBuffer", "KBuffer.vcxproj", "{D39CF9EE-C7AF-472F-BF4D-9D61E6E30ABB}"
EndProject
Global
	GlobalSection(SolutionConfigurationPlatforms) = preSolution
		Debug|x64 = Debug|x64
		Release|x64 = Release|x64
	EndGlobalSection
	GlobalSection(ProjectConfigurationPlatforms) = postSolution
		{D39CF9EE-C7AF-472F-BF4D-9D61E6E30ABB}.Debug|x64.ActiveCfg = Debug|x64
		{D39CF9EE-C7AF-472F-BF4D-9D61E6E30ABB}.Debug|x64.Build.0 = Debug|x64
		{D39CF9EE-C7AF-472F-BF4D-9D61E6E30ABB}.Release|x64.ActiveCfg = Release|x64
		{D39CF9EE-C7AF-472F-BF4D-9D61E6E30ABB}.Release|x64.Build.0 = Release|x64
	EndGlobalSection
	GlobalSection(SolutionProperties) = preSolution
		HideSolutionNode = FALSE
	EndGlobalSection
	GlobalSection(ExtensibilityGlobals) = postSolution
		SolutionGuid = {7D8CE844-EC03-4005-B2AD-7637CFD32CF1}
	EndGlobalSection
EndGlobal
